# This file is autogenerated, do not edit; changes may be undone by the next 'dep ensure'.


[[projects]]
  name = "github.com/gorilla/websocket"
  packages = ["."]
  revision = "ea4d1f681babbce9545c9c5f3d5194a789c89f5b"
  version = "v1.2.0"

[[projects]]
  name = "github.com/johnny-debt/instascrap"
  packages = ["."]
  revision = "41f28a2dac76e56d70ad535688b343f9c7208578"
  version = "v0.1.0"

[[projects]]
  name = "github.com/sociafill/gorillas"
  packages = ["."]
  revision = "93abd377086d45d9f99211c1c80e922c62eec496"
  version = "v0.2.0"

[[projects]]
  name = "github.com/sociafill/sp2pt"
  packages = ["."]
  revision = "2abb8536807d8f38ec1a08028f108cfe07b1cdd4"
  version = "v0.1.0"

[solve-meta]
  analyzer-name = "dep"
  analyzer-version = 1
  inputs-digest = "8df2bb7005843623bb3ab4b2b2e976cac601abefe300d3b9558e1c10e7cfd267"
  solver-name = "gps-cdcl"
  solver-version = 1
